// !$*UTF8*$!
{
	archiveVersion = 1;
	classes = {
	};
	objectVersion = 46;
	objects = {

/* Begin PBXBuildFile section */
		DE0B12A11ED1ED3C0055E943 /* AppDelegate.swift in Sources */ = {isa = PBXBuildFile; fileRef = DE0B12A01ED1ED3C0055E943 /* AppDelegate.swift */; };
		DE0B12A31ED1ED3C0055E943 /* ViewController.swift in Sources */ = {isa = PBXBuildFile; fileRef = DE0B12A21ED1ED3C0055E943 /* ViewController.swift */; };
		DE0B12A61ED1ED3C0055E943 /* Main.storyboard in Resources */ = {isa = PBXBuildFile; fileRef = DE0B12A41ED1ED3C0055E943 /* Main.storyboard */; };
		DE0B12A81ED1ED3C0055E943 /* Assets.xcassets in Resources */ = {isa = PBXBuildFile; fileRef = DE0B12A71ED1ED3C0055E943 /* Assets.xcassets */; };
		DE0B12AB1ED1ED3C0055E943 /* LaunchScreen.storyboard in Resources */ = {isa = PBXBuildFile; fileRef = DE0B12A91ED1ED3C0055E943 /* LaunchScreen.storyboard */; };
		DE0B12B31ED1ED4D0055E943 /* Login.swift in Sources */ = {isa = PBXBuildFile; fileRef = DE0B12B21ED1ED4D0055E943 /* Login.swift */; };
		DEFF660F1ED3CAEB0064BA49 /* zing-mp3.jpg in Resources */ = {isa = PBXBuildFile; fileRef = DEFF660E1ED3CAEB0064BA49 /* zing-mp3.jpg */; };
		DEFF66111ED3CDBB0064BA49 /* Polygon-Apple-iPhone-7-Plus-Background.jpg in Resources */ = {isa = PBXBuildFile; fileRef = DEFF66101ED3CDBB0064BA49 /* Polygon-Apple-iPhone-7-Plus-Background.jpg */; };
		DEFF66131ED3CFC70064BA49 /* Math.swift in Sources */ = {isa = PBXBuildFile; fileRef = DEFF66121ED3CFC70064BA49 /* Math.swift */; };
		DEFF66171ED3D1EB0064BA49 /* blackboard.png in Resources */ = {isa = PBXBuildFile; fileRef = DEFF66141ED3D1EB0064BA49 /* blackboard.png */; };
		DEFF66181ED3D1EB0064BA49 /* note.jpg in Resources */ = {isa = PBXBuildFile; fileRef = DEFF66151ED3D1EB0064BA49 /* note.jpg */; };
		DEFF66191ED3D1EB0064BA49 /* 45614141-iphone-7-wallpaper.jpg in Resources */ = {isa = PBXBuildFile; fileRef = DEFF66161ED3D1EB0064BA49 /* 45614141-iphone-7-wallpaper.jpg */; };
/* End PBXBuildFile section */

/* Begin PBXFileReference section */
		DE0B129D1ED1ED3C0055E943 /* Pop Version 1.0.app */ = {isa = PBXFileReference; explicitFileType = wrapper.application; includeInIndex = 0; path = "Pop Version 1.0.app"; sourceTree = BUILT_PRODUCTS_DIR; };
		DE0B12A01ED1ED3C0055E943 /* AppDelegate.swift */ = {isa = PBXFileReference; lastKnownFileType = sourcecode.swift; path = AppDelegate.swift; sourceTree = "<group>"; };
		DE0B12A21ED1ED3C0055E943 /* ViewController.swift */ = {isa = PBXFileReference; lastKnownFileType = sourcecode.swift; path = ViewController.swift; sourceTree = "<group>"; };
		DE0B12A51ED1ED3C0055E943 /* Base */ = {isa = PBXFileReference; lastKnownFileType = file.storyboard; name = Base; path = Base.lproj/Main.storyboard; sourceTree = "<group>"; };
		DE0B12A71ED1ED3C0055E943 /* Assets.xcassets */ = {isa = PBXFileReference; lastKnownFileType = folder.assetcatalog; path = Assets.xcassets; sourceTree = "<group>"; };
		DE0B12AA1ED1ED3C0055E943 /* Base */ = {isa = PBXFileReference; lastKnownFileType = file.storyboard; name = Base; path = Base.lproj/LaunchScreen.storyboard; sourceTree = "<group>"; };
		DE0B12AC1ED1ED3C0055E943 /* Info.plist */ = {isa = PBXFileReference; lastKnownFileType = text.plist.xml; path = Info.plist; sourceTree = "<group>"; };
		DE0B12B21ED1ED4D0055E943 /* Login.swift */ = {isa = PBXFileReference; fileEncoding = 4; lastKnownFileType = sourcecode.swift; path = Login.swift; sourceTree = "<group>"; };
		DEFF660E1ED3CAEB0064BA49 /* zing-mp3.jpg */ = {isa = PBXFileReference; lastKnownFileType = image.jpeg; path = "zing-mp3.jpg"; sourceTree = "<group>"; };
		DEFF66101ED3CDBB0064BA49 /* Polygon-Apple-iPhone-7-Plus-Background.jpg */ = {isa = PBXFileReference; lastKnownFileType = image.jpeg; path = "Polygon-Apple-iPhone-7-Plus-Background.jpg"; sourceTree = "<group>"; };
		DEFF66121ED3CFC70064BA49 /* Math.swift */ = {isa = PBXFileReference; fileEncoding = 4; lastKnownFileType = sourcecode.swift; path = Math.swift; sourceTree = "<group>"; };
		DEFF66141ED3D1EB0064BA49 /* blackboard.png */ = {isa = PBXFileReference; lastKnownFileType = image.png; path = blackboard.png; sourceTree = "<group>"; };
		DEFF66151ED3D1EB0064BA49 /* note.jpg */ = {isa = PBXFileReference; lastKnownFileType = image.jpeg; path = note.jpg; sourceTree = "<group>"; };
		DEFF66161ED3D1EB0064BA49 /* 45614141-iphone-7-wallpaper.jpg */ = {isa = PBXFileReference; lastKnownFileType = image.jpeg; path = "45614141-iphone-7-wallpaper.jpg"; sourceTree = "<group>"; };
/* End PBXFileReference section */

/* Begin PBXFrameworksBuildPhase section */
		DE0B129A1ED1ED3C0055E943 /* Frameworks */ = {
			isa = PBXFrameworksBuildPhase;
			buildActionMask = 2147483647;
			files = (
			);
			runOnlyForDeploymentPostprocessing = 0;
		};
/* End PBXFrameworksBuildPhase section */

/* Begin PBXGroup section */
		DE0B12941ED1ED3C0055E943 = {
			isa = PBXGroup;
			children = (
				DE0B129F1ED1ED3C0055E943 /* Pop Version 1.0 */,
				DE0B129E1ED1ED3C0055E943 /* Products */,
			);
			sourceTree = "<group>";
		};
		DE0B129E1ED1ED3C0055E943 /* Products */ = {
			isa = PBXGroup;
			children = (
				DE0B129D1ED1ED3C0055E943 /* Pop Version 1.0.app */,
			);
			name = Products;
			sourceTree = "<group>";
		};
		DE0B129F1ED1ED3C0055E943 /* Pop Version 1.0 */ = {
			isa = PBXGroup;
			children = (
				DE0B12A01ED1ED3C0055E943 /* AppDelegate.swift */,
				DE0B12A21ED1ED3C0055E943 /* ViewController.swift */,
				DE0B12B21ED1ED4D0055E943 /* Login.swift */,
				DEFF66121ED3CFC70064BA49 /* Math.swift */,
				DE0B12A41ED1ED3C0055E943 /* Main.storyboard */,
				DE0B12A71ED1ED3C0055E943 /* Assets.xcassets */,
				DE0B12A91ED1ED3C0055E943 /* LaunchScreen.storyboard */,
				DE0B12AC1ED1ED3C0055E943 /* Info.plist */,
				DEFF660D1ED3CAAF0064BA49 /* Resource */,
			);
			path = "Pop Version 1.0";
			sourceTree = "<group>";
		};
		DEFF660D1ED3CAAF0064BA49 /* Resource */ = {
			isa = PBXGroup;
			children = (
				DEFF66101ED3CDBB0064BA49 /* Polygon-Apple-iPhone-7-Plus-Background.jpg */,
				DEFF660E1ED3CAEB0064BA49 /* zing-mp3.jpg */,
				DEFF66141ED3D1EB0064BA49 /* blackboard.png */,
				DEFF66151ED3D1EB0064BA49 /* note.jpg */,
				DEFF66161ED3D1EB0064BA49 /* 45614141-iphone-7-wallpaper.jpg */,
			);
			name = Resource;
			sourceTree = "<group>";
		};
/* End PBXGroup section */

/* Begin PBXNativeTarget section */
		DE0B129C1ED1ED3C0055E943 /* Pop Version 1.0 */ = {
			isa = PBXNativeTarget;
			buildConfigurationList = DE0B12AF1ED1ED3C0055E943 /* Build configuration list for PBXNativeTarget "Pop Version 1.0" */;
			buildPhases = (
				DE0B12991ED1ED3C0055E943 /* Sources */,
				DE0B129A1ED1ED3C0055E943 /* Frameworks */,
				DE0B129B1ED1ED3C0055E943 /* Resources */,
			);
			buildRules = (
			);
			dependencies = (
			);
			name = "Pop Version 1.0";
			productName = "Pop Version 1.0";
			productReference = DE0B129D1ED1ED3C0055E943 /* Pop Version 1.0.app */;
			productType = "com.apple.product-type.application";
		};
/* End PBXNativeTarget section */

/* Begin PBXProject section */
		DE0B12951ED1ED3C0055E943 /* Project object */ = {
			isa = PBXProject;
			attributes = {
				LastSwiftUpdateCheck = 0820;
				LastUpgradeCheck = 0820;
				ORGANIZATIONNAME = Viet;
				TargetAttributes = {
					DE0B129C1ED1ED3C0055E943 = {
						CreatedOnToolsVersion = 8.2.1;
						ProvisioningStyle = Automatic;
					};
				};
			};
			buildConfigurationList = DE0B12981ED1ED3C0055E943 /* Build configuration list for PBXProject "Pop Version 1.0" */;
			compatibilityVersion = "Xcode 3.2";
			developmentRegion = English;
			hasScannedForEncodings = 0;
			knownRegions = (
				en,
				Base,
			);
			mainGroup = DE0B12941ED1ED3C0055E943;
			productRefGroup = DE0B129E1ED1ED3C0055E943 /* Products */;
			projectDirPath = "";
			projectRoot = "";
			targets = (
				DE0B129C1ED1ED3C0055E943 /* Pop Version 1.0 */,
			);
		};
/* End PBXProject section */

/* Begin PBXResourcesBuildPhase section */
		DE0B129B1ED1ED3C0055E943 /* Resources */ = {
			isa = PBXResourcesBuildPhase;
			buildActionMask = 2147483647;
			files = (
				DEFF660F1ED3CAEB0064BA49 /* zing-mp3.jpg in Resources */,
				DEFF66191ED3D1EB0064BA49 /* 45614141-iphone-7-wallpaper.jpg in Resources */,
				DE0B12AB1ED1ED3C0055E943 /* LaunchScreen.storyboard in Resources */,
				DEFF66111ED3CDBB0064BA49 /* Polygon-Apple-iPhone-7-Plus-Background.jpg in Resources */,
				DE0B12A81ED1ED3C0055E943 /* Assets.xcassets in Resources */,
				DEFF66171ED3D1EB0064BA49 /* blackboard.png in Resources */,
				DE0B12A61ED1ED3C0055E943 /* Main.storyboard in Resources */,
				DEFF66181ED3D1EB0064BA49 /* note.jpg in Resources */,
			);
			runOnlyForDeploymentPostprocessing = 0;
		};
/* End PBXResourcesBuildPhase section */

/* Begin PBXSourcesBuildPhase section */
		DE0B12991ED1ED3C0055E943 /* Sources */ = {
			isa = PBXSourcesBuildPhase;
			buildActionMask = 2147483647;
			files = (
				DE0B12B31ED1ED4D0055E943 /* Login.swift in Sources */,
				DE0B12A31ED1ED3C0055E943 /* ViewController.swift in Sources */,
				DE0B12A11ED1ED3C0055E943 /* AppDelegate.swift in Sources */,
				DEFF66131ED3CFC70064BA49 /* Math.swift in Sources */,
			);
			runOnlyForDeploymentPostprocessing = 0;
		};
/* End PBXSourcesBuildPhase section */

/* Begin PBXVariantGroup section */
		DE0B12A41ED1ED3C0055E943 /* Main.storyboard */ = {
			isa = PBXVariantGroup;
			children = (
				DE0B12A51ED1ED3C0055E943 /* Base */,
			);
			name = Main.storyboard;
			sourceTree = "<group>";
		};
		DE0B12A91ED1ED3C0055E943 /* LaunchScreen.storyboard */ = {
			isa = PBXVariantGroup;
			children = (
				DE0B12AA1ED1ED3C0055E943 /* Base */,
			);
			name = LaunchScreen.storyboard;
			sourceTree = "<group>";
		};
/* End PBXVariantGroup section */

/* Begin XCBuildConfiguration section */
		DE0B12AD1ED1ED3C0055E943 /* Debug */ = {
			isa = XCBuildConfiguration;
			buildSettings = {
				ALWAYS_SEARCH_USER_PATHS = NO;
				CLANG_ANALYZER_NONNULL = YES;
				CLANG_CXX_LANGUAGE_STANDARD = "gnu++0x";
				CLANG_CXX_LIBRARY = "libc++";
				CLANG_ENABLE_MODULES = YES;
				CLANG_ENABLE_OBJC_ARC = YES;
				CLANG_WARN_BOOL_CONVERSION = YES;
				CLANG_WARN_CONSTANT_CONVERSION = YES;
				CLANG_WARN_DIRECT_OBJC_ISA_USAGE = YES_ERROR;
				CLANG_WARN_DOCUMENTATION_COMMENTS = YES;
				CLANG_WARN_EMPTY_BODY = YES;
				CLANG_WARN_ENUM_CONVERSION = YES;
				CLANG_WARN_INFINITE_RECURSION = YES;
				CLANG_WARN_INT_CONVERSION = YES;
				CLANG_WARN_OBJC_ROOT_CLASS = YES_ERROR;
				CLANG_WARN_SUSPICIOUS_MOVE = YES;
				CLANG_WARN_UNREACHABLE_CODE = YES;
				CLANG_WARN__DUPLICATE_METHOD_MATCH = YES;
				"CODE_SIGN_IDENTITY[sdk=iphoneos*]" = "iPhone Developer";
				COPY_PHASE_STRIP = NO;
				DEBUG_INFORMATION_FORMAT = dwarf;
				ENABLE_STRICT_OBJC_MSGSEND = YES;
				ENABLE_TESTABILITY = YES;
				GCC_C_LANGUAGE_STANDARD = gnu99;
				GCC_DYNAMIC_NO_PIC = NO;
				GCC_NO_COMMON_BLOCKS = YES;
				GCC_OPTIMIZATION_LEVEL = 0;
				GCC_PREPROCESSOR_DEFINITIONS = (
					"DEBUG=1",
					"$(inherited)",
				);
				GCC_WARN_64_TO_32_BIT_CONVERSION = YES;
				GCC_WARN_ABOUT_RETURN_TYPE = YES_ERROR;
				GCC_WARN_UNDECLARED_SELECTOR = YES;
				GCC_WARN_UNINITIALIZED_AUTOS = YES_AGGRESSIVE;
				GCC_WARN_UNUSED_FUNCTION = YES;
				GCC_WARN_UNUSED_VARIABLE = YES;
				IPHONEOS_DEPLOYMENT_TARGET = 10.2;
				MTL_ENABLE_DEBUG_INFO = YES;
				ONLY_ACTIVE_ARCH = YES;
				SDKROOT = iphoneos;
				SWIFT_ACTIVE_COMPILATION_CONDITIONS = DEBUG;
				SWIFT_OPTIMIZATION_LEVEL = "-Onone";
				TARGETED_DEVICE_FAMILY = "1,2";
			};
			name = Debug;
		};
		DE0B12AE1ED1ED3C0055E943 /* Release */ = {
			isa = XCBuildConfiguration;
			buildSettings = {
				ALWAYS_SEARCH_USER_PATHS = NO;
				CLANG_ANALYZER_NONNULL = YES;
				CLANG_CXX_LANGUAGE_STANDARD = "gnu++0x";
				CLANG_CXX_LIBRARY = "libc++";
				CLANG_ENABLE_MODULES = YES;
				CLANG_ENABLE_OBJC_ARC = YES;
				CLANG_WARN_BOOL_CONVERSION = YES;
				CLANG_WARN_CONSTANT_CONVERSION = YES;
				CLANG_WARN_DIRECT_OBJC_ISA_USAGE = YES_ERROR;
				CLANG_WARN_DOCUMENTATION_COMMENTS = YES;
				CLANG_WARN_EMPTY_BODY = YES;
				CLANG_WARN_ENUM_CONVERSION = YES;
				CLANG_WARN_INFINITE_RECURSION = YES;
				CLANG_WARN_INT_CONVERSION = YES;
				CLANG_WARN_OBJC_ROOT_CLASS = YES_ERROR;
				CLANG_WARN_SUSPICIOUS_MOVE = YES;
				CLANG_WARN_UNREACHABLE_CODE = YES;
				CLANG_WARN__DUPLICATE_METHOD_MATCH = YES;
				"CODE_SIGN_IDENTITY[sdk=iphoneos*]" = "iPhone Developer";
				COPY_PHASE_STRIP = NO;
				DEBUG_INFORMATION_FORMAT = "dwarf-with-dsym";
				ENABLE_NS_ASSERTIONS = NO;
				ENABLE_STRICT_OBJC_MSGSEND = YES;
				GCC_C_LANGUAGE_STANDARD = gnu99;
				GCC_NO_COMMON_BLOCKS = YES;
				GCC_WARN_64_TO_32_BIT_CONVERSION = YES;
				GCC_WARN_ABOUT_RETURN_TYPE = YES_ERROR;
				GCC_WARN_UNDECLARED_SELECTOR = YES;
				GCC_WARN_UNINITIALIZED_AUTOS = YES_AGGRESSIVE;
				GCC_WARN_UNUSED_FUNCTION = YES;
				GCC_WARN_UNUSED_VARIABLE = YES;
				IPHONEOS_DEPLOYMENT_TARGET = 10.2;
				MTL_ENABLE_DEBUG_INFO = NO;
				SDKROOT = iphoneos;
				SWIFT_OPTIMIZATION_LEVEL = "-Owholemodule";
				TARGETED_DEVICE_FAMILY = "1,2";
				VALIDATE_PRODUCT = YES;
			};
			name = Release;
		};
		DE0B12B01ED1ED3C0055E943 /* Debug */ = {
			isa = XCBuildConfiguration;
			buildSettings = {
				ASSETCATALOG_COMPILER_APPICON_NAME = AppIcon;
				INFOPLIST_FILE = "Pop Version 1.0/Info.plist";
				LD_RUNPATH_SEARCH_PATHS = "$(inherited) @executable_path/Frameworks";
				PRODUCT_BUNDLE_IDENTIFIER = "Viet-s-Lab.Pop-Version-1-0";
				PRODUCT_NAME = "$(TARGET_NAME)";
				SWIFT_VERSION = 3.0;
			};
			name = Debug;
		};
		DE0B12B11ED1ED3C0055E943 /* Release */ = {
			isa = XCBuildConfiguration;
			buildSettings = {
				ASSETCATALOG_COMPILER_APPICON_NAME = AppIcon;
				INFOPLIST_FILE = "Pop Version 1.0/Info.plist";
				LD_RUNPATH_SEARCH_PATHS = "$(inherited) @executable_path/Frameworks";
				PRODUCT_BUNDLE_IDENTIFIER = "Viet-s-Lab.Pop-Version-1-0";
				PRODUCT_NAME = "$(TARGET_NAME)";
				SWIFT_VERSION = 3.0;
			};
			name = Release;
		};
/* End XCBuildConfiguration section */

/* Begin XCConfigurationList section */
		DE0B12981ED1ED3C0055E943 /* Build configuration list for PBXProject "Pop Version 1.0" */ = {
			isa = XCConfigurationList;
			buildConfigurations = (
				DE0B12AD1ED1ED3C0055E943 /* Debug */,
				DE0B12AE1ED1ED3C0055E943 /* Release */,
			);
			defaultConfigurationIsVisible = 0;
			defaultConfigurationName = Release;
		};
		DE0B12AF1ED1ED3C0055E943 /* Build configuration list for PBXNativeTarget "Pop Version 1.0" */ = {
			isa = XCConfigurationList;
			buildConfigurations = (
				DE0B12B01ED1ED3C0055E943 /* Debug */,
				DE0B12B11ED1ED3C0055E943 /* Release */,
			);
			defaultConfigurationIsVisible = 0;
			defaultConfigurationName = Release;
		};
/* End XCConfigurationList section */
	};
	rootObject = DE0B12951ED1ED3C0055E943 /* Project object */;
}
